%{"cowboy": {:package, "1.0.0"},
  "cowlib": {:package, "1.0.0"},
  "inflex": {:package, "0.2.4"},
  "linguist": {:package, "0.1.1"},
  "phoenix": {:git, "git://github.com/phoenixframework/phoenix.git", "c33172f3bbd9b96291d0d1fb7d6608d0ec968a55", []},
  "plug": {:package, "0.6.0"},
  "poison": {:package, "1.0.1"},
  "ranch": {:package, "1.0.0"}}
